
Microsoft Visual Studio Solution File, Format Version 12.00
# Visual Studio Version 16
VisualStudioVersion = 16.0.31025.194
MinimumVisualStudioVersion = 10.0.40219.1
Project("{9A19103F-16F7-4668-BE54-9A1E7A4F7556}") = "Evaluacion de Empleados", "Evaluacion de Empleados\Evaluacion de Empleados.csproj", "{683F0D3D-96F4-4192-BCF7-213370028C2B}"
EndProject
Project("{54435603-DBB4-11D2-8724-00A0C9A8B90C}") = "Intalador Empleados", "Intalador Empleados\Intalador Empleados.vdproj", "{4CEBEBFA-7608-4953-BA1D-55CEF14D5124}"
EndProject
Global
	GlobalSection(SolutionConfigurationPlatforms) = preSolution
		Debug|Any CPU = Debug|Any CPU
		Release|Any CPU = Release|Any CPU
	EndGlobalSection
	GlobalSection(ProjectConfigurationPlatforms) = postSolution
		{683F0D3D-96F4-4192-BCF7-213370028C2B}.Debug|Any CPU.ActiveCfg = Debug|Any CPU
		{683F0D3D-96F4-4192-BCF7-213370028C2B}.Debug|Any CPU.Build.0 = Debug|Any CPU
		{683F0D3D-96F4-4192-BCF7-213370028C2B}.Release|Any CPU.ActiveCfg = Release|Any CPU
		{683F0D3D-96F4-4192-BCF7-213370028C2B}.Release|Any CPU.Build.0 = Release|Any CPU
		{4CEBEBFA-7608-4953-BA1D-55CEF14D5124}.Debug|Any CPU.ActiveCfg = Debug
		{4CEBEBFA-7608-4953-BA1D-55CEF14D5124}.Release|Any CPU.ActiveCfg = Release
	EndGlobalSection
	GlobalSection(SolutionProperties) = preSolution
		HideSolutionNode = FALSE
	EndGlobalSection
	GlobalSection(ExtensibilityGlobals) = postSolution
		SolutionGuid = {1B9240AE-5F02-4EE3-987C-8BEAAE898FCA}
	EndGlobalSection
EndGlobal
